{
  "name": "bitcointrader",
  "version": "1.0.0",
  "lockfileVersion": 1,
  "requires": true,
  "dependencies": {
    "ccxt": {
      "version": "1.55.93",
      "resolved": "https://registry.npmjs.org/ccxt/-/ccxt-1.55.93.tgz",
      "integrity": "sha512-YnRT38E5R02RUJ/5PrraLcIbgbf4fiWjHGZXV/xSpU0w5O8CZYt18uBrP4lRBy/N3xvo9/nz2BF3D+Nd4vL06w=="
    },
    "dotenv": {
      "version": "10.0.0",
      "resolved": "https://registry.npmjs.org/dotenv/-/dotenv-10.0.0.tgz",
      "integrity": "sha512-rlBi9d8jpv9Sf1klPjNfFAuWDjKLwTIJJ/VxtoTwIR6hnZxcEOQCZg2oIL3MWBYw5GpUDKOEnND7LXTbIpQ03Q=="
    }
  }
}
